
Microsoft Visual Studio Solution File, Format Version 12.00
# Visual Studio Version 17
VisualStudioVersion = 17.1.32421.90
MinimumVisualStudioVersion = 10.0.40219.1
Project("{FAE04EC0-301F-11D3-BF4B-00C04F79EFBC}") = "Task1", "Task1\Task1.csproj", "{A0D0A938-1F5A-48F7-8FFD-AA292254013C}"
EndProject
Global
	GlobalSection(SolutionConfigurationPlatforms) = preSolution
		Debug|Any CPU = Debug|Any CPU
		Release|Any CPU = Release|Any CPU
	EndGlobalSection
	GlobalSection(ProjectConfigurationPlatforms) = postSolution
		{A0D0A938-1F5A-48F7-8FFD-AA292254013C}.Debug|Any CPU.ActiveCfg = Debug|Any CPU
		{A0D0A938-1F5A-48F7-8FFD-AA292254013C}.Debug|Any CPU.Build.0 = Debug|Any CPU
		{A0D0A938-1F5A-48F7-8FFD-AA292254013C}.Release|Any CPU.ActiveCfg = Release|Any CPU
		{A0D0A938-1F5A-48F7-8FFD-AA292254013C}.Release|Any CPU.Build.0 = Release|Any CPU
	EndGlobalSection
	GlobalSection(SolutionProperties) = preSolution
		HideSolutionNode = FALSE
	EndGlobalSection
	GlobalSection(ExtensibilityGlobals) = postSolution
		SolutionGuid = {E997E84A-21FC-4878-A455-A837F4D91A8D}
	EndGlobalSection
EndGlobal
